
Microsoft Visual Studio Solution File, Format Version 12.00
# Visual Studio Version 17
VisualStudioVersion = 17.0.32126.317
MinimumVisualStudioVersion = 10.0.40219.1
Project("{FAE04EC0-301F-11D3-BF4B-00C04F79EFBC}") = "Norban Tests", "Norban Tests\Norban Tests.csproj", "{8D8D1D18-7527-4D91-B48B-DA96928B66BC}"
EndProject
Global
	GlobalSection(SolutionConfigurationPlatforms) = preSolution
		Debug|Any CPU = Debug|Any CPU
		Release|Any CPU = Release|Any CPU
	EndGlobalSection
	GlobalSection(ProjectConfigurationPlatforms) = postSolution
		{8D8D1D18-7527-4D91-B48B-DA96928B66BC}.Debug|Any CPU.ActiveCfg = Debug|Any CPU
		{8D8D1D18-7527-4D91-B48B-DA96928B66BC}.Debug|Any CPU.Build.0 = Debug|Any CPU
		{8D8D1D18-7527-4D91-B48B-DA96928B66BC}.Release|Any CPU.ActiveCfg = Release|Any CPU
		{8D8D1D18-7527-4D91-B48B-DA96928B66BC}.Release|Any CPU.Build.0 = Release|Any CPU
	EndGlobalSection
	GlobalSection(SolutionProperties) = preSolution
		HideSolutionNode = FALSE
	EndGlobalSection
	GlobalSection(ExtensibilityGlobals) = postSolution
		SolutionGuid = {BABBE2EA-4DEC-49D9-B370-83DF10971EB2}
	EndGlobalSection
EndGlobal
